
Microsoft Visual Studio Solution File, Format Version 12.00
# Visual Studio Version 17
VisualStudioVersion = 17.8.34330.188
MinimumVisualStudioVersion = 10.0.40219.1
Project("{FAE04EC0-301F-11D3-BF4B-00C04F79EFBC}") = "lab2_1ooap", "lab2_1ooap\lab2_1ooap.csproj", "{2B0503B7-34B2-4CAE-A2FA-A8F4467A403F}"
EndProject
Global
	GlobalSection(SolutionConfigurationPlatforms) = preSolution
		Debug|Any CPU = Debug|Any CPU
		Release|Any CPU = Release|Any CPU
	EndGlobalSection
	GlobalSection(ProjectConfigurationPlatforms) = postSolution
		{2B0503B7-34B2-4CAE-A2FA-A8F4467A403F}.Debug|Any CPU.ActiveCfg = Debug|Any CPU
		{2B0503B7-34B2-4CAE-A2FA-A8F4467A403F}.Debug|Any CPU.Build.0 = Debug|Any CPU
		{2B0503B7-34B2-4CAE-A2FA-A8F4467A403F}.Release|Any CPU.ActiveCfg = Release|Any CPU
		{2B0503B7-34B2-4CAE-A2FA-A8F4467A403F}.Release|Any CPU.Build.0 = Release|Any CPU
	EndGlobalSection
	GlobalSection(SolutionProperties) = preSolution
		HideSolutionNode = FALSE
	EndGlobalSection
	GlobalSection(ExtensibilityGlobals) = postSolution
		SolutionGuid = {1D74B000-7638-431B-AA65-4F0F8E683CA8}
	EndGlobalSection
EndGlobal
